PODS:
  - Flutter (1.0.0)
  - geolocator (5.1.5):
    - Flutter
  - google_api_availability (2.0.1):
    - Flutter
  - location_permissions (2.0.3):
    - Flutter
  - OneSignal (2.12.2)
  - onesignal_flutter (2.3.1):
    - Flutter
    - OneSignal (= 2.12.2)
  - url_launcher (0.0.1):
    - Flutter
  - url_launcher_macos (0.0.1):
    - Flutter
  - url_launcher_web (0.0.1):
    - Flutter
  - webview_flutter (0.0.1):
    - Flutter

DEPENDENCIES:
  - Flutter (from `Flutter`)
  - geolocator (from `.symlinks/plugins/geolocator/ios`)
  - google_api_availability (from `.symlinks/plugins/google_api_availability/ios`)
  - location_permissions (from `.symlinks/plugins/location_permissions/ios`)
  - OneSignal (< 3.0, >= 2.9.3)
  - onesignal_flutter (from `.symlinks/plugins/onesignal_flutter/ios`)
  - url_launcher (from `.symlinks/plugins/url_launcher/ios`)
  - url_launcher_macos (from `.symlinks/plugins/url_launcher_macos/ios`)
  - url_launcher_web (from `.symlinks/plugins/url_launcher_web/ios`)
  - webview_flutter (from `.symlinks/plugins/webview_flutter/ios`)

SPEC REPOS:
  trunk:
    - OneSignal

EXTERNAL SOURCES:
  Flutter:
    :path: Flutter
  geolocator:
    :path: ".symlinks/plugins/geolocator/ios"
  google_api_availability:
    :path: ".symlinks/plugins/google_api_availability/ios"
  location_permissions:
    :path: ".symlinks/plugins/location_permissions/ios"
  onesignal_flutter:
    :path: ".symlinks/plugins/onesignal_flutter/ios"
  url_launcher:
    :path: ".symlinks/plugins/url_launcher/ios"
  url_launcher_macos:
    :path: ".symlinks/plugins/url_launcher_macos/ios"
  url_launcher_web:
    :path: ".symlinks/plugins/url_launcher_web/ios"
  webview_flutter:
    :path: ".symlinks/plugins/webview_flutter/ios"

SPEC CHECKSUMS:
  Flutter: 0e3d915762c693b495b44d77113d4970485de6ec
  geolocator: 80aba2bb48f8c7dfc5a8b70b9d13fc3edc8399c4
  google_api_availability: 163b30f802e6148c67f092aa4501c90ddd8eec8d
  location_permissions: 195ff2a1182fa9029ef3f2653156961ee5a1e40b
  OneSignal: b2c1511c6b5db2d3b0ce1859f574dcf190dde5f3
  onesignal_flutter: 289d8b75eaa81fc80d657ffa450253a654f5514a
  url_launcher: a1c0cc845906122c4784c542523d8cacbded5626
  url_launcher_macos: fd7894421cd39320dce5f292fc99ea9270b2a313
  url_launcher_web: e5527357f037c87560776e36436bf2b0288b965c
  webview_flutter: db3aba222b23e4dc432e0c5882834123dc50ff9f

PODFILE CHECKSUM: 132c939008ee4160d03e44e5a10876583d43f245

COCOAPODS: 1.8.4
