PODS:
  - Flutter (1.0.0)
  - flutter_udid (0.0.1):
    - Flutter
    - SAMKeychain
  - "geolocator (5.3.2+2)":
    - Flutter
  - google_api_availability (2.0.4):
    - Flutter
  - in_app_purchase (0.0.1):
    - Flutter
  - "location_permissions (3.0.0+1)":
    - Flutter
  - OneSignal (2.14.2)
  - onesignal_flutter (2.5.0):
    - Flutter
    - OneSignal (= 2.14.2)
  - SAMKeychain (1.5.3)
  - url_launcher (0.0.1):
    - Flutter
  - url_launcher_macos (0.0.1):
    - Flutter
  - url_launcher_web (0.0.1):
    - Flutter
  - webview_flutter (0.0.1):
    - Flutter

DEPENDENCIES:
  - Flutter (from `Flutter`)
  - flutter_udid (from `.symlinks/plugins/flutter_udid/ios`)
  - geolocator (from `.symlinks/plugins/geolocator/ios`)
  - google_api_availability (from `.symlinks/plugins/google_api_availability/ios`)
  - in_app_purchase (from `.symlinks/plugins/in_app_purchase/ios`)
  - location_permissions (from `.symlinks/plugins/location_permissions/ios`)
  - OneSignal (< 3.0, >= 2.14.2)
  - onesignal_flutter (from `.symlinks/plugins/onesignal_flutter/ios`)
  - url_launcher (from `.symlinks/plugins/url_launcher/ios`)
  - url_launcher_macos (from `.symlinks/plugins/url_launcher_macos/ios`)
  - url_launcher_web (from `.symlinks/plugins/url_launcher_web/ios`)
  - webview_flutter (from `.symlinks/plugins/webview_flutter/ios`)

SPEC REPOS:
  trunk:
    - OneSignal
    - SAMKeychain

EXTERNAL SOURCES:
  Flutter:
    :path: Flutter
  flutter_udid:
    :path: ".symlinks/plugins/flutter_udid/ios"
  geolocator:
    :path: ".symlinks/plugins/geolocator/ios"
  google_api_availability:
    :path: ".symlinks/plugins/google_api_availability/ios"
  in_app_purchase:
    :path: ".symlinks/plugins/in_app_purchase/ios"
  location_permissions:
    :path: ".symlinks/plugins/location_permissions/ios"
  onesignal_flutter:
    :path: ".symlinks/plugins/onesignal_flutter/ios"
  url_launcher:
    :path: ".symlinks/plugins/url_launcher/ios"
  url_launcher_macos:
    :path: ".symlinks/plugins/url_launcher_macos/ios"
  url_launcher_web:
    :path: ".symlinks/plugins/url_launcher_web/ios"
  webview_flutter:
    :path: ".symlinks/plugins/webview_flutter/ios"

SPEC CHECKSUMS:
  Flutter: 0e3d915762c693b495b44d77113d4970485de6ec
  flutter_udid: c9d59b0a440e137882faa5cf53a3501e906fb8c2
  geolocator: f7622e0e7e2a24718285b73916d60c4a54b9f5b6
  google_api_availability: 15fa42a8cd83c0a6738507ffe6e87096f12abcb8
  in_app_purchase: 3e2155afa9d03d4fa32d9e62d567885080ce97d6
  location_permissions: 7e0f9aa0f60deb8ff93ddf0e2a164c7e8197bc94
  OneSignal: 1dcb1fd96f9c15a5c352dcfcab9106a7c15eced7
  onesignal_flutter: 950630e409caa80d1d3a2653e41e4b9f98ce1a63
  SAMKeychain: 483e1c9f32984d50ca961e26818a534283b4cd5c
  url_launcher: 6fef411d543ceb26efce54b05a0a40bfd74cbbef
  url_launcher_macos: fd7894421cd39320dce5f292fc99ea9270b2a313
  url_launcher_web: e5527357f037c87560776e36436bf2b0288b965c
  webview_flutter: d2b4d6c66968ad042ad94cbb791f5b72b4678a96

PODFILE CHECKSUM: 8f83edbaced68b146dadee0837ef4f36d1420135

COCOAPODS: 1.9.1
